
Microsoft Visual Studio Solution File, Format Version 12.00
# Visual Studio 15
VisualStudioVersion = 15.0.28307.421
MinimumVisualStudioVersion = 10.0.40219.1
Project("{FAE04EC0-301F-11D3-BF4B-00C04F79EFBC}") = "distance_app", "distance_app\distance_app.csproj", "{DFB66DE4-7BB7-4D96-9C69-F8FD3B26D5EE}"
EndProject
Global
	GlobalSection(SolutionConfigurationPlatforms) = preSolution
		Debug|Any CPU = Debug|Any CPU
		Release|Any CPU = Release|Any CPU
	EndGlobalSection
	GlobalSection(ProjectConfigurationPlatforms) = postSolution
		{DFB66DE4-7BB7-4D96-9C69-F8FD3B26D5EE}.Debug|Any CPU.ActiveCfg = Debug|Any CPU
		{DFB66DE4-7BB7-4D96-9C69-F8FD3B26D5EE}.Debug|Any CPU.Build.0 = Debug|Any CPU
		{DFB66DE4-7BB7-4D96-9C69-F8FD3B26D5EE}.Release|Any CPU.ActiveCfg = Release|Any CPU
		{DFB66DE4-7BB7-4D96-9C69-F8FD3B26D5EE}.Release|Any CPU.Build.0 = Release|Any CPU
	EndGlobalSection
	GlobalSection(SolutionProperties) = preSolution
		HideSolutionNode = FALSE
	EndGlobalSection
	GlobalSection(ExtensibilityGlobals) = postSolution
		SolutionGuid = {E22527B8-6C0A-4F49-B2C0-DE4718CCF2E5}
	EndGlobalSection
EndGlobal
